{
  "version": "4",
  "remote": {
    "https://esm.sh/@supabase/supabase-js@2.49.4": "d52c4d06946766d328fdd0ac2e007f52bb6d2ef7ce6103ad9f0f57d92b73e978"
  },
  "workspace": {
    "packageJson": {
      "dependencies": [
        "npm:@supabase/supabase-js@^2.49.4",
        "npm:@types/react-dom@^19.0.3",
        "npm:@types/react@^19.0.8",
        "npm:@vitejs/plugin-react@^4.3.4",
        "npm:deno-bin@^2.2.7",
        "npm:lucide-react@0.475",
        "npm:react-dom@19",
        "npm:react@19",
        "npm:supabase@^2.95.6",
        "npm:typescript@^5.7.3",
        "npm:vite@^6.1.0"
      ]
    }
  }
}
